
Microsoft Visual Studio Solution File, Format Version 12.00
# Visual Studio Version 17
VisualStudioVersion = 17.7.34031.279
MinimumVisualStudioVersion = 10.0.40219.1
Project("{8BC9CEB8-8B4A-11D0-8D11-00A0C91BC942}") = "CMPR-154-Final-Project", "CMPR-154-Final-Project.vcxproj", "{770C0AF2-809F-47D6-BFBA-3633B28D9BD1}"
EndProject
Global
	GlobalSection(SolutionConfigurationPlatforms) = preSolution
		Debug|x64 = Debug|x64
		Debug|x86 = Debug|x86
		Release|x64 = Release|x64
		Release|x86 = Release|x86
	EndGlobalSection
	GlobalSection(ProjectConfigurationPlatforms) = postSolution
		{770C0AF2-809F-47D6-BFBA-3633B28D9BD1}.Debug|x64.ActiveCfg = Debug|x64
		{770C0AF2-809F-47D6-BFBA-3633B28D9BD1}.Debug|x64.Build.0 = Debug|x64
		{770C0AF2-809F-47D6-BFBA-3633B28D9BD1}.Debug|x86.ActiveCfg = Debug|Win32
		{770C0AF2-809F-47D6-BFBA-3633B28D9BD1}.Debug|x86.Build.0 = Debug|Win32
		{770C0AF2-809F-47D6-BFBA-3633B28D9BD1}.Release|x64.ActiveCfg = Release|x64
		{770C0AF2-809F-47D6-BFBA-3633B28D9BD1}.Release|x64.Build.0 = Release|x64
		{770C0AF2-809F-47D6-BFBA-3633B28D9BD1}.Release|x86.ActiveCfg = Release|Win32
		{770C0AF2-809F-47D6-BFBA-3633B28D9BD1}.Release|x86.Build.0 = Release|Win32
	EndGlobalSection
	GlobalSection(SolutionProperties) = preSolution
		HideSolutionNode = FALSE
	EndGlobalSection
	GlobalSection(ExtensibilityGlobals) = postSolution
		SolutionGuid = {E2436AA1-F362-4547-8F4A-4C9564ED9C53}
	EndGlobalSection
EndGlobal
